
Microsoft Visual Studio Solution File, Format Version 12.00
# Visual Studio Version 17
VisualStudioVersion = 17.14.36414.22 d17.14
MinimumVisualStudioVersion = 10.0.40219.1
Project("{FAE04EC0-301F-11D3-BF4B-00C04F79EFBC}") = "TraductorDeMorse", "TraductorDeMorse\TraductorDeMorse.csproj", "{AE8B9F1D-8E17-44AB-8A5C-982D0E26364D}"
EndProject
Global
	GlobalSection(SolutionConfigurationPlatforms) = preSolution
		Debug|Any CPU = Debug|Any CPU
		Release|Any CPU = Release|Any CPU
	EndGlobalSection
	GlobalSection(ProjectConfigurationPlatforms) = postSolution
		{AE8B9F1D-8E17-44AB-8A5C-982D0E26364D}.Debug|Any CPU.ActiveCfg = Debug|Any CPU
		{AE8B9F1D-8E17-44AB-8A5C-982D0E26364D}.Debug|Any CPU.Build.0 = Debug|Any CPU
		{AE8B9F1D-8E17-44AB-8A5C-982D0E26364D}.Release|Any CPU.ActiveCfg = Release|Any CPU
		{AE8B9F1D-8E17-44AB-8A5C-982D0E26364D}.Release|Any CPU.Build.0 = Release|Any CPU
	EndGlobalSection
	GlobalSection(SolutionProperties) = preSolution
		HideSolutionNode = FALSE
	EndGlobalSection
	GlobalSection(ExtensibilityGlobals) = postSolution
		SolutionGuid = {1BFB8525-5BB1-42A9-97C2-D8D55A732807}
	EndGlobalSection
EndGlobal
