
Microsoft Visual Studio Solution File, Format Version 12.00
# Visual Studio Version 17
VisualStudioVersion = 17.14.36518.9 d17.14
MinimumVisualStudioVersion = 10.0.40219.1
Project("{FAE04EC0-301F-11D3-BF4B-00C04F79EFBC}") = "ASP.NET_Job-DAL", "ASP.NET_Job-DAL\ASP.NET_Job-DAL.csproj", "{A61D8746-2CDC-4994-9E4D-866D40DB9391}"
EndProject
Global
	GlobalSection(SolutionConfigurationPlatforms) = preSolution
		Debug|Any CPU = Debug|Any CPU
		Release|Any CPU = Release|Any CPU
	EndGlobalSection
	GlobalSection(ProjectConfigurationPlatforms) = postSolution
		{A61D8746-2CDC-4994-9E4D-866D40DB9391}.Debug|Any CPU.ActiveCfg = Debug|Any CPU
		{A61D8746-2CDC-4994-9E4D-866D40DB9391}.Debug|Any CPU.Build.0 = Debug|Any CPU
		{A61D8746-2CDC-4994-9E4D-866D40DB9391}.Release|Any CPU.ActiveCfg = Release|Any CPU
		{A61D8746-2CDC-4994-9E4D-866D40DB9391}.Release|Any CPU.Build.0 = Release|Any CPU
	EndGlobalSection
	GlobalSection(SolutionProperties) = preSolution
		HideSolutionNode = FALSE
	EndGlobalSection
	GlobalSection(ExtensibilityGlobals) = postSolution
		SolutionGuid = {B86C00D9-C86A-421D-B1B9-7474675FA665}
	EndGlobalSection
EndGlobal
