
Microsoft Visual Studio Solution File, Format Version 12.00
# Visual Studio Version 17
VisualStudioVersion = 17.14.36414.22 d17.14
MinimumVisualStudioVersion = 10.0.40219.1
Project("{FAE04EC0-301F-11D3-BF4B-00C04F79EFBC}") = "CarmenPPerez_Forma2D", "CarmenPPerez_Forma2D\CarmenPPerez_Forma2D.csproj", "{884474D5-281B-414F-9042-59C4897530AC}"
EndProject
Global
	GlobalSection(SolutionConfigurationPlatforms) = preSolution
		Debug|Any CPU = Debug|Any CPU
		Release|Any CPU = Release|Any CPU
	EndGlobalSection
	GlobalSection(ProjectConfigurationPlatforms) = postSolution
		{884474D5-281B-414F-9042-59C4897530AC}.Debug|Any CPU.ActiveCfg = Debug|Any CPU
		{884474D5-281B-414F-9042-59C4897530AC}.Debug|Any CPU.Build.0 = Debug|Any CPU
		{884474D5-281B-414F-9042-59C4897530AC}.Release|Any CPU.ActiveCfg = Release|Any CPU
		{884474D5-281B-414F-9042-59C4897530AC}.Release|Any CPU.Build.0 = Release|Any CPU
	EndGlobalSection
	GlobalSection(SolutionProperties) = preSolution
		HideSolutionNode = FALSE
	EndGlobalSection
	GlobalSection(ExtensibilityGlobals) = postSolution
		SolutionGuid = {AA6CA2A4-5C54-4660-BCE2-36DD5A6C3A4C}
	EndGlobalSection
EndGlobal
