
Microsoft Visual Studio Solution File, Format Version 12.00
# Visual Studio Version 17
VisualStudioVersion = 17.14.36414.22 d17.14
MinimumVisualStudioVersion = 10.0.40219.1
Project("{FAE04EC0-301F-11D3-BF4B-00C04F79EFBC}") = "CarmenPTresEnRaya", "CarmenPTresEnRaya\CarmenPTresEnRaya.csproj", "{2C2DEA7B-8F81-462A-A3BD-DAAE7BFE06D2}"
EndProject
Global
	GlobalSection(SolutionConfigurationPlatforms) = preSolution
		Debug|Any CPU = Debug|Any CPU
		Release|Any CPU = Release|Any CPU
	EndGlobalSection
	GlobalSection(ProjectConfigurationPlatforms) = postSolution
		{2C2DEA7B-8F81-462A-A3BD-DAAE7BFE06D2}.Debug|Any CPU.ActiveCfg = Debug|Any CPU
		{2C2DEA7B-8F81-462A-A3BD-DAAE7BFE06D2}.Debug|Any CPU.Build.0 = Debug|Any CPU
		{2C2DEA7B-8F81-462A-A3BD-DAAE7BFE06D2}.Release|Any CPU.ActiveCfg = Release|Any CPU
		{2C2DEA7B-8F81-462A-A3BD-DAAE7BFE06D2}.Release|Any CPU.Build.0 = Release|Any CPU
	EndGlobalSection
	GlobalSection(SolutionProperties) = preSolution
		HideSolutionNode = FALSE
	EndGlobalSection
	GlobalSection(ExtensibilityGlobals) = postSolution
		SolutionGuid = {E436BE3D-9752-4EF9-A516-D878D6C88220}
	EndGlobalSection
EndGlobal
